
Microsoft Visual Studio Solution File, Format Version 12.00
# Visual Studio Version 17
VisualStudioVersion = 17.4.33213.308
MinimumVisualStudioVersion = 10.0.40219.1
Project("{FAE04EC0-301F-11D3-BF4B-00C04F79EFBC}") = "Game2209", "Game2209.csproj", "{CCACE87A-FD46-4D7A-9535-C3D84C144F02}"
EndProject
Project("{2150E333-8FDC-42A3-9474-1A3956D46DE8}") = "Solution Items", "Solution Items", "{F8028079-CC77-41C2-ACA0-12E4D6117355}"
EndProject
Global
	GlobalSection(SolutionConfigurationPlatforms) = preSolution
		Debug|Any CPU = Debug|Any CPU
		Release|Any CPU = Release|Any CPU
	EndGlobalSection
	GlobalSection(ProjectConfigurationPlatforms) = postSolution
		{CCACE87A-FD46-4D7A-9535-C3D84C144F02}.Debug|Any CPU.ActiveCfg = Debug|Any CPU
		{CCACE87A-FD46-4D7A-9535-C3D84C144F02}.Debug|Any CPU.Build.0 = Debug|Any CPU
		{CCACE87A-FD46-4D7A-9535-C3D84C144F02}.Release|Any CPU.ActiveCfg = Release|Any CPU
		{CCACE87A-FD46-4D7A-9535-C3D84C144F02}.Release|Any CPU.Build.0 = Release|Any CPU
	EndGlobalSection
	GlobalSection(SolutionProperties) = preSolution
		HideSolutionNode = FALSE
	EndGlobalSection
	GlobalSection(ExtensibilityGlobals) = postSolution
		SolutionGuid = {6169BC76-B21A-4112-A469-1B433EF7E51B}
	EndGlobalSection
EndGlobal
